
Microsoft Visual Studio Solution File, Format Version 12.00
# Visual Studio 14
VisualStudioVersion = 14.0.25420.1
MinimumVisualStudioVersion = 10.0.40219.1
Project("{FAE04EC0-301F-11D3-BF4B-00C04F79EFBC}") = "COE.Core", "COE.Core\COE.Core.csproj", "{77A07883-6D2F-4355-BAAF-790045CD75FB}"
EndProject
Project("{FAE04EC0-301F-11D3-BF4B-00C04F79EFBC}") = "COE.Examples", "COE.Examples\COE.Examples.csproj", "{26C7B1A1-220B-41D6-8BC7-31491BB88F2F}"
	ProjectSection(ProjectDependencies) = postProject
		{77A07883-6D2F-4355-BAAF-790045CD75FB} = {77A07883-6D2F-4355-BAAF-790045CD75FB}
	EndProjectSection
EndProject
Global
	GlobalSection(SolutionConfigurationPlatforms) = preSolution
		Debug|Any CPU = Debug|Any CPU
		Release|Any CPU = Release|Any CPU
	EndGlobalSection
	GlobalSection(ProjectConfigurationPlatforms) = postSolution
		{77A07883-6D2F-4355-BAAF-790045CD75FB}.Debug|Any CPU.ActiveCfg = Debug|Any CPU
		{77A07883-6D2F-4355-BAAF-790045CD75FB}.Debug|Any CPU.Build.0 = Debug|Any CPU
		{77A07883-6D2F-4355-BAAF-790045CD75FB}.Release|Any CPU.ActiveCfg = Release|Any CPU
		{77A07883-6D2F-4355-BAAF-790045CD75FB}.Release|Any CPU.Build.0 = Release|Any CPU
		{26C7B1A1-220B-41D6-8BC7-31491BB88F2F}.Debug|Any CPU.ActiveCfg = Debug|Any CPU
		{26C7B1A1-220B-41D6-8BC7-31491BB88F2F}.Debug|Any CPU.Build.0 = Debug|Any CPU
		{26C7B1A1-220B-41D6-8BC7-31491BB88F2F}.Release|Any CPU.ActiveCfg = Release|Any CPU
		{26C7B1A1-220B-41D6-8BC7-31491BB88F2F}.Release|Any CPU.Build.0 = Release|Any CPU
	EndGlobalSection
	GlobalSection(SolutionProperties) = preSolution
		HideSolutionNode = FALSE
	EndGlobalSection
EndGlobal
